# This file is automatically @generated by Cargo.
# It is not intended for manual editing.
version = 4

[[package]]
name = "inphish"
version = "0.1.0-preview.2"
dependencies = [
 "inphzugzwang-core",
 "inphzugzwang-eval",
 "inphzugzwang-search",
]

[[package]]
name = "inphzugzwang-core"
version = "0.1.0"

[[package]]
name = "inphzugzwang-eval"
version = "0.1.0"
dependencies = [
 "inphzugzwang-core",
]

[[package]]
name = "inphzugzwang-search"
version = "0.1.0"
dependencies = [
 "inphzugzwang-core",
 "inphzugzwang-eval",
]
